
Microsoft Visual Studio Solution File, Format Version 12.00
Project("{FAE04EC0-301F-11D3-BF4B-00C04F79EFBC}") = "TradingSystem", "TradingSystem\TradingSystem.csproj", "{F9AAEF0A-E856-4B24-B2DF-69D542ABCB7F}"
EndProject
Project("{FAE04EC0-301F-11D3-BF4B-00C04F79EFBC}") = "TradingSystemTests", "TradingSystemTests\TradingSystemTests.csproj", "{8BE6E3BE-E347-4526-A0FB-C9ACA6B11571}"
EndProject
Global
	GlobalSection(SolutionConfigurationPlatforms) = preSolution
		Debug|Any CPU = Debug|Any CPU
		Release|Any CPU = Release|Any CPU
	EndGlobalSection
	GlobalSection(ProjectConfigurationPlatforms) = postSolution
		{F9AAEF0A-E856-4B24-B2DF-69D542ABCB7F}.Debug|Any CPU.ActiveCfg = Debug|Any CPU
		{F9AAEF0A-E856-4B24-B2DF-69D542ABCB7F}.Debug|Any CPU.Build.0 = Debug|Any CPU
		{F9AAEF0A-E856-4B24-B2DF-69D542ABCB7F}.Release|Any CPU.ActiveCfg = Release|Any CPU
		{F9AAEF0A-E856-4B24-B2DF-69D542ABCB7F}.Release|Any CPU.Build.0 = Release|Any CPU
		{8BE6E3BE-E347-4526-A0FB-C9ACA6B11571}.Debug|Any CPU.ActiveCfg = Debug|Any CPU
		{8BE6E3BE-E347-4526-A0FB-C9ACA6B11571}.Debug|Any CPU.Build.0 = Debug|Any CPU
		{8BE6E3BE-E347-4526-A0FB-C9ACA6B11571}.Release|Any CPU.ActiveCfg = Release|Any CPU
		{8BE6E3BE-E347-4526-A0FB-C9ACA6B11571}.Release|Any CPU.Build.0 = Release|Any CPU
	EndGlobalSection
EndGlobal
